
Microsoft Visual Studio Solution File, Format Version 12.00
# Visual Studio Version 17
VisualStudioVersion = 17.9.34616.47
MinimumVisualStudioVersion = 10.0.40219.1
Project("{8BC9CEB8-8B4A-11D0-8D11-00A0C91BC942}") = "Task1", "Task1\Task1.vcxproj", "{BA75D209-C641-410A-86FF-D4B0736777AE}"
EndProject
Global
	GlobalSection(SolutionConfigurationPlatforms) = preSolution
		Debug|x64 = Debug|x64
		Debug|x86 = Debug|x86
		Release|x64 = Release|x64
		Release|x86 = Release|x86
	EndGlobalSection
	GlobalSection(ProjectConfigurationPlatforms) = postSolution
		{BA75D209-C641-410A-86FF-D4B0736777AE}.Debug|x64.ActiveCfg = Debug|x64
		{BA75D209-C641-410A-86FF-D4B0736777AE}.Debug|x64.Build.0 = Debug|x64
		{BA75D209-C641-410A-86FF-D4B0736777AE}.Debug|x86.ActiveCfg = Debug|Win32
		{BA75D209-C641-410A-86FF-D4B0736777AE}.Debug|x86.Build.0 = Debug|Win32
		{BA75D209-C641-410A-86FF-D4B0736777AE}.Release|x64.ActiveCfg = Release|x64
		{BA75D209-C641-410A-86FF-D4B0736777AE}.Release|x64.Build.0 = Release|x64
		{BA75D209-C641-410A-86FF-D4B0736777AE}.Release|x86.ActiveCfg = Release|Win32
		{BA75D209-C641-410A-86FF-D4B0736777AE}.Release|x86.Build.0 = Release|Win32
	EndGlobalSection
	GlobalSection(SolutionProperties) = preSolution
		HideSolutionNode = FALSE
	EndGlobalSection
	GlobalSection(ExtensibilityGlobals) = postSolution
		SolutionGuid = {2BAC6485-6B96-410C-9485-B27170FCD86C}
	EndGlobalSection
EndGlobal
